
Microsoft Visual Studio Solution File, Format Version 12.00
# Visual Studio Version 16
VisualStudioVersion = 16.0.30225.117
MinimumVisualStudioVersion = 10.0.40219.1
Project("{FAE04EC0-301F-11D3-BF4B-00C04F79EFBC}") = "BattleShip", "BattleShip\BattleShip.csproj", "{57BD9DC7-D204-4801-A0E4-B9C0D1CE8463}"
EndProject
Global
	GlobalSection(SolutionConfigurationPlatforms) = preSolution
		Debug|Any CPU = Debug|Any CPU
		Release|Any CPU = Release|Any CPU
	EndGlobalSection
	GlobalSection(ProjectConfigurationPlatforms) = postSolution
		{57BD9DC7-D204-4801-A0E4-B9C0D1CE8463}.Debug|Any CPU.ActiveCfg = Debug|Any CPU
		{57BD9DC7-D204-4801-A0E4-B9C0D1CE8463}.Debug|Any CPU.Build.0 = Debug|Any CPU
		{57BD9DC7-D204-4801-A0E4-B9C0D1CE8463}.Release|Any CPU.ActiveCfg = Release|Any CPU
		{57BD9DC7-D204-4801-A0E4-B9C0D1CE8463}.Release|Any CPU.Build.0 = Release|Any CPU
	EndGlobalSection
	GlobalSection(SolutionProperties) = preSolution
		HideSolutionNode = FALSE
	EndGlobalSection
	GlobalSection(ExtensibilityGlobals) = postSolution
		SolutionGuid = {5275101F-7D7A-4156-AB41-DBC34A4CF554}
	EndGlobalSection
EndGlobal
